
Microsoft Visual Studio Solution File, Format Version 12.00
# Visual Studio Version 17
VisualStudioVersion = 17.5.002.0
MinimumVisualStudioVersion = 10.0.40219.1
Project("{9A19103F-16F7-4668-BE54-9A1E7A4F7556}") = "Basics", "Basics\Basics.csproj", "{22BF9076-61BD-4A7A-8DAC-1B0111086E8B}"
EndProject
Global
	GlobalSection(SolutionConfigurationPlatforms) = preSolution
		Debug|Any CPU = Debug|Any CPU
		Release|Any CPU = Release|Any CPU
	EndGlobalSection
	GlobalSection(ProjectConfigurationPlatforms) = postSolution
		{22BF9076-61BD-4A7A-8DAC-1B0111086E8B}.Debug|Any CPU.ActiveCfg = Debug|Any CPU
		{22BF9076-61BD-4A7A-8DAC-1B0111086E8B}.Debug|Any CPU.Build.0 = Debug|Any CPU
		{22BF9076-61BD-4A7A-8DAC-1B0111086E8B}.Release|Any CPU.ActiveCfg = Release|Any CPU
		{22BF9076-61BD-4A7A-8DAC-1B0111086E8B}.Release|Any CPU.Build.0 = Release|Any CPU
	EndGlobalSection
	GlobalSection(SolutionProperties) = preSolution
		HideSolutionNode = FALSE
	EndGlobalSection
	GlobalSection(ExtensibilityGlobals) = postSolution
		SolutionGuid = {4BB01B8B-D954-427B-80C4-30DE97AF9195}
	EndGlobalSection
EndGlobal
