
Microsoft Visual Studio Solution File, Format Version 12.00
# Visual Studio Version 17
VisualStudioVersion = 17.0.31903.59
MinimumVisualStudioVersion = 10.0.40219.1
Project("{9A19103F-16F7-4668-BE54-9A1E7A4F7556}") = "StoreApp", "StoreApp\StoreApp.csproj", "{2B93DC60-6883-45E1-91B1-F3277EA727B8}"
EndProject
Project("{9A19103F-16F7-4668-BE54-9A1E7A4F7556}") = "Entities", "Entities\Entities.csproj", "{527E1DA7-BA4E-48A3-AFB4-0950978C9FC3}"
EndProject
Project("{9A19103F-16F7-4668-BE54-9A1E7A4F7556}") = "Repositories", "Repositories\Repositories.csproj", "{5E23918B-B347-43D9-B4B6-5442C6814F3A}"
EndProject
Project("{9A19103F-16F7-4668-BE54-9A1E7A4F7556}") = "Services", "Services\Services.csproj", "{E97D2917-CA6A-4383-B014-A01F692BBC8A}"
EndProject
Global
	GlobalSection(SolutionConfigurationPlatforms) = preSolution
		Debug|Any CPU = Debug|Any CPU
		Release|Any CPU = Release|Any CPU
	EndGlobalSection
	GlobalSection(ProjectConfigurationPlatforms) = postSolution
		{2B93DC60-6883-45E1-91B1-F3277EA727B8}.Debug|Any CPU.ActiveCfg = Debug|Any CPU
		{2B93DC60-6883-45E1-91B1-F3277EA727B8}.Debug|Any CPU.Build.0 = Debug|Any CPU
		{2B93DC60-6883-45E1-91B1-F3277EA727B8}.Release|Any CPU.ActiveCfg = Release|Any CPU
		{2B93DC60-6883-45E1-91B1-F3277EA727B8}.Release|Any CPU.Build.0 = Release|Any CPU
		{527E1DA7-BA4E-48A3-AFB4-0950978C9FC3}.Debug|Any CPU.ActiveCfg = Debug|Any CPU
		{527E1DA7-BA4E-48A3-AFB4-0950978C9FC3}.Debug|Any CPU.Build.0 = Debug|Any CPU
		{527E1DA7-BA4E-48A3-AFB4-0950978C9FC3}.Release|Any CPU.ActiveCfg = Release|Any CPU
		{527E1DA7-BA4E-48A3-AFB4-0950978C9FC3}.Release|Any CPU.Build.0 = Release|Any CPU
		{5E23918B-B347-43D9-B4B6-5442C6814F3A}.Debug|Any CPU.ActiveCfg = Debug|Any CPU
		{5E23918B-B347-43D9-B4B6-5442C6814F3A}.Debug|Any CPU.Build.0 = Debug|Any CPU
		{5E23918B-B347-43D9-B4B6-5442C6814F3A}.Release|Any CPU.ActiveCfg = Release|Any CPU
		{5E23918B-B347-43D9-B4B6-5442C6814F3A}.Release|Any CPU.Build.0 = Release|Any CPU
		{E97D2917-CA6A-4383-B014-A01F692BBC8A}.Debug|Any CPU.ActiveCfg = Debug|Any CPU
		{E97D2917-CA6A-4383-B014-A01F692BBC8A}.Debug|Any CPU.Build.0 = Debug|Any CPU
		{E97D2917-CA6A-4383-B014-A01F692BBC8A}.Release|Any CPU.ActiveCfg = Release|Any CPU
		{E97D2917-CA6A-4383-B014-A01F692BBC8A}.Release|Any CPU.Build.0 = Release|Any CPU
	EndGlobalSection
	GlobalSection(SolutionProperties) = preSolution
		HideSolutionNode = FALSE
	EndGlobalSection
EndGlobal
