
Microsoft Visual Studio Solution File, Format Version 12.00
# Visual Studio Version 17
VisualStudioVersion = 17.5.002.0
MinimumVisualStudioVersion = 10.0.40219.1
Project("{9A19103F-16F7-4668-BE54-9A1E7A4F7556}") = "CourseRegistration", "CourseRegistration.csproj", "{BA7F2553-AE60-4A15-BA57-5E5B2E0FF07F}"
EndProject
Global
	GlobalSection(SolutionConfigurationPlatforms) = preSolution
		Debug|Any CPU = Debug|Any CPU
		Release|Any CPU = Release|Any CPU
	EndGlobalSection
	GlobalSection(ProjectConfigurationPlatforms) = postSolution
		{BA7F2553-AE60-4A15-BA57-5E5B2E0FF07F}.Debug|Any CPU.ActiveCfg = Debug|Any CPU
		{BA7F2553-AE60-4A15-BA57-5E5B2E0FF07F}.Debug|Any CPU.Build.0 = Debug|Any CPU
		{BA7F2553-AE60-4A15-BA57-5E5B2E0FF07F}.Release|Any CPU.ActiveCfg = Release|Any CPU
		{BA7F2553-AE60-4A15-BA57-5E5B2E0FF07F}.Release|Any CPU.Build.0 = Release|Any CPU
	EndGlobalSection
	GlobalSection(SolutionProperties) = preSolution
		HideSolutionNode = FALSE
	EndGlobalSection
	GlobalSection(ExtensibilityGlobals) = postSolution
		SolutionGuid = {70E4B40C-9D38-4939-AF46-0CBDF2AEF9A7}
	EndGlobalSection
EndGlobal
